lockfileVersion: '9.0'

settings:
  autoInstallPeers: true
  excludeLinksFromLockfile: false

importers:

  .:
    dependencies:
      react:
        specifier: ^19.2.8
        version: 19.2.8
      react-dom:
        specifier: ^19.2.8
        version: 19.2.8(react@19.2.8)
    devDependencies:
      '@rslint/core':
        specifier: ^0.6.5
        version: 0.6.5
      '@rspack/cli':
        specifier: ^2.1.9
        version: 2.1.9(@rspack/core@2.1.9)(@rspack/dev-server@2.2.0(@rspack/core@2.1.9))
      '@rspack/core':
        specifier: ^2.1.9
        version: 2.1.9
      '@rspack/dev-server':
        specifier: ^2.2.0
        version: 2.2.0(@rspack/core@2.1.9)
      '@rspack/plugin-react-refresh':
        specifier: ^2.0.2
        version: 2.0.2(@rspack/core@2.1.9)(react-refresh@0.18.0)
      '@types/node':
        specifier: 26.2.0
        version: 26.2.0
      '@types/react':
        specifier: ^19.2.18
        version: 19.2.18
      '@types/react-dom':
        specifier: ^19.2.4
        version: 19.2.4(@types/react@19.2.18)
      prettier:
        specifier: ^3.9.5
        version: 3.9.6
      react-refresh:
        specifier: ^0.18.0
        version: 0.18.0
      typescript:
        specifier: ^6.0.3
        version: 6.0.3

packages:

  '@emnapi/core@1.11.3':
    resolution: {integrity: sha512-zLpS5asjEb7lq8jYLq37N6XKaE41DIexlY1rF/z4/tIl3wo13Sqm28fRyfIsKZD+NZ8mM5RoKkpW/rBcuoSZSg==}

  '@emnapi/runtime@1.11.3':
    resolution: {integrity: sha512-Xz4Tpyki7XyrpbUK1jR1AhdAdaXyhhY4lZ3neLodmhpuWfy2PAQN5B46sAiU4liOXGLkHypn/qU+jvfWSCYYLA==}

  '@emnapi/wasi-threads@1.2.3':
    resolution: {integrity: sha512-ELEBe8PsLvvJ6QMr0zLt8ffvOHW/dc1m3CEzNMg7aJUv3bMaoDtw2TXyDAwkYBuroxxuHEwhRTLJSe5sya547g==}

  '@napi-rs/wasm-runtime@1.1.6':
    resolution: {integrity: sha512-ZLv/JdUfkvOy9eCnnBaGfiO+XimbjebAeO+MRQqD/B+FR1tnRN0tpKSJHRbE8sFfS6aqsXZ67TQjfwfsxULVbg==}
    peerDependencies:
      '@emnapi/core': ^1.7.1
      '@emnapi/runtime': ^1.7.1

  '@rslint/core@0.6.5':
    resolution: {integrity: sha512-BAy65hSKOhHrma20Rxqf1DTyGNYBSQGBeo21JKc0bgHzbkTbUcyPSz6EpdI3woDe0HqwGmOsl/tPTGqKvgsz3g==}
    hasBin: true
    peerDependencies:
      jiti: ^2.0.0
    peerDependenciesMeta:
      jiti:
        optional: true

  '@rslint/native-darwin-arm64@0.6.5':
    resolution: {integrity: sha512-5HDBqR1XgZ29pNEjSnm/YccWpwEWEl9d8rUQZkbDUz3x2VWylfok8Ty1qjDHVAas1k01euMS1YJA4/nku9N0Iw==}
    cpu: [arm64]
    os: [darwin]

  '@rslint/native-darwin-x64@0.6.5':
    resolution: {integrity: sha512-YU8w9N7NbBBDZ/B8nsmZmVLL5A40AnUxsywsCvDT6nPUhEqHJvCbwze5LHQFT4RvhJEfC/ye/7pqL59SnKN5tA==}
    cpu: [x64]
    os: [darwin]

  '@rslint/native-linux-arm64-gnu@0.6.5':
    resolution: {integrity: sha512-IGt5Op5dKO9ZbI9vOjZrgBnAM3QfT/X7PNjUVmYYso8OvseapzQv0E6D8qgTJVrN5874VWBwXgc7a/cylYR6IA==}
    cpu: [arm64]
    os: [linux]

  '@rslint/native-linux-arm64-musl@0.6.5':
    resolution: {integrity: sha512-cywsTmLudo4a6Rlp4bsriS9QF4n0aMZc25ArgxB/j3sIzHSREIoNdUYx1VHz7pOUJy2W5wmNfHIVWb+uz6R6eA==}
    cpu: [arm64]
    os: [linux]

  '@rslint/native-linux-x64-gnu@0.6.5':
    resolution: {integrity: sha512-4/d3jkZQ0lnf1GtiB0WCLoXfMCPxD04mihVNWmC2qNj5JF8OKTg9tKbfpwZNjJDDVK0noj9JiynQGhVUZCMNDQ==}
    cpu: [x64]
    os: [linux]

  '@rslint/native-linux-x64-musl@0.6.5':
    resolution: {integrity: sha512-uz0q2MBm+iAbe+ecFA3JKsmlN12DWxNQYF0wHn81kpF5QPMlM62xsYFLHIs4ER7FtC2oR3SOtCcWsyIGRCiBxQ==}
    cpu: [x64]
    os: [linux]

  '@rslint/native-win32-arm64-msvc@0.6.5':
    resolution: {integrity: sha512-bud+61vGaVBO1ykKvaM1vtPILQi0cl5nad0DboBmo4EtEykbZyapZ3aM/g8NV/ldJmkNaFQdwuXcrdfA9+d7Vg==}
    cpu: [arm64]
    os: [win32]

  '@rslint/native-win32-x64-msvc@0.6.5':
    resolution: {integrity: sha512-7iQozrpTvh/Vj7x5jTYaG+9zKWJkiXz0PgemFNUMIXLCZHWsJffPy7D1ls5q2Rfe6hshFJ9d6UxGk1KmLpZQiw==}
    cpu: [x64]
    os: [win32]

  '@rspack/binding-darwin-arm64@2.1.9':
    resolution: {integrity: sha512-sQQgKx+1ckW5GI6w/ozJkoaQM0Skbwj7hFiv+Y2d7+iAB7OVz83LWFrodRl1QGCg1QNuaEmlVo9AUapWUSr/8g==}
    cpu: [arm64]
    os: [darwin]

  '@rspack/binding-darwin-x64@2.1.9':
    resolution: {integrity: sha512-kuWzn8JFKJUxSFwX/+rzvZUm4fRrSbXCTCAlzb0iHvP6vftjCFHGpNJfWjD7yX9O7C/dtoGiNT1O1veJytVsWA==}
    cpu: [x64]
    os: [darwin]

  '@rspack/binding-linux-arm64-gnu@2.1.9':
    resolution: {integrity: sha512-rj1TjWGuG9Zc+fmwfvOpRO9npuHMKE4xXSB/BZqZNcH5Uey4NcAo1/GF8zHRoalQrwf0roP9WsFX1tk85rzP/Q==}
    cpu: [arm64]
    os: [linux]

  '@rspack/binding-linux-arm64-musl@2.1.9':
    resolution: {integrity: sha512-Z2+sS2z9Imt3og0e3Kq4hEumiqTajQBXkl9cqSYj1lwOgmViLAvMX4BlCL1cinIEstixFKQ+xsta9SI6ivCKtg==}
    cpu: [arm64]
    os: [linux]

  '@rspack/binding-linux-ppc64-gnu@2.1.9':
    resolution: {integrity: sha512-xK90IHipRDgxvDF9n90HRNklci0G2Amk0ZMsM3t3YX+/8jIJNcuEPk6hJ1hlY6KZu7U9enqGbNQ7Fe0StBeLVA==}
    cpu: [ppc64]
    os: [linux]

  '@rspack/binding-linux-riscv64-gnu@2.1.9':
    resolution: {integrity: sha512-aaOwU3voq20Vwmfu1V6UPz8eQJBitBUNbLc08dxHGsmQM+ap6dd4j5xn/i5Y6AfLro2Q3GJvpCayc+dVIOR32g==}
    cpu: [riscv64]
    os: [linux]

  '@rspack/binding-linux-riscv64-musl@2.1.9':
    resolution: {integrity: sha512-tF7XnEtpTYyVS8ef96IKUjFhd9lFa9Swv212fcyWxRhxRn4PEYVWpSh/D3NDVX+i69Z7xFDDEoyMUdYBkkVTlw==}
    cpu: [riscv64]
    os: [linux]

  '@rspack/binding-linux-s390x-gnu@2.1.9':
    resolution: {integrity: sha512-rGmeME3Pd8k/55txP+19ceZJxhVN2mtC8TLzB1ycTrhy8U+ZnN7J8rZSl89LYrZGYewd1UmOcY0QKKy05FS3FA==}
    cpu: [s390x]
    os: [linux]

  '@rspack/binding-linux-x64-gnu@2.1.9':
    resolution: {integrity: sha512-YimUCS//wl+AZjXvgVig7sJtPiGs+WNMH4g49F1msB5T40rw0aOopp9O3MdC+LFfRm6vpIJwOHd6alo/UUs7nA==}
    cpu: [x64]
    os: [linux]

  '@rspack/binding-linux-x64-musl@2.1.9':
    resolution: {integrity: sha512-tYJRdoB3IWVVcnGPZqCnRjC5MJle7xHucKkIuKtGbSMS6hzg6B1oKZav1BBw72gxnrW4n2Bwt82TBKQKBUSjmA==}
    cpu: [x64]
    os: [linux]

  '@rspack/binding-wasm32-wasi@2.1.9':
    resolution: {integrity: sha512-TF6oZRU23x6vHzGuvRFszvEnmC5Yn8PHbKmeZWsUHj4Mtv4tDdDGVdlxj6Kq3pySS6sRknv8gzpRMhXqHD3I5g==}
    cpu: [wasm32]

  '@rspack/binding-win32-arm64-msvc@2.1.9':
    resolution: {integrity: sha512-tLt4gbvUelmtJGI3PHtQHZuGpaO2z/ym6+OXAjc6NR2jWbzljardSjONiXVWIi1zmzODt4dD/fL3Ncb+RU/jHQ==}
    cpu: [arm64]
    os: [win32]

  '@rspack/binding-win32-ia32-msvc@2.1.9':
    resolution: {integrity: sha512-VznxSrGPb4mvxkTHTdGolEpBOuDW7RICD9Rp266MhYLQG4c0uNcX7+vWF4HbFvB0kN+Gdkj7vz+5shWdrfK72Q==}
    cpu: [ia32]
    os: [win32]

  '@rspack/binding-win32-x64-msvc@2.1.9':
    resolution: {integrity: sha512-P1dGC6t3PJinqN6tBZ+jyou4LvwpD2ygeovKgg5tuYWKFMUwh1v60yX3afOUwaJMEGbHUye7xuYRd84NCMSNOQ==}
    cpu: [x64]
    os: [win32]

  '@rspack/binding@2.1.9':
    resolution: {integrity: sha512-0ZZj+RE62/jFRwX5czqjjGiMGgzSK0hm7/66PtCKjyZjb2tNAg3WGyWv+ref7684ZAjtbHHpZ+EOGswQYBjklA==}

  '@rspack/cli@2.1.9':
    resolution: {integrity: sha512-Q/a7qu11WoE0oxtjxHSkVey6OSN961R2hYv8JPNHyTh1ZhKAXmCmMRyCJd2dJcsS7DzcRsshIiHDmc/oOTmd8Q==}
    hasBin: true
    peerDependencies:
      '@rspack/core': ^2.0.0-0
      '@rspack/dev-server': ^2.0.0-0
    peerDependenciesMeta:
      '@rspack/dev-server':
        optional: true

  '@rspack/core@2.1.9':
    resolution: {integrity: sha512-kXd5aYrkO+91fYolNYAjUhW/1F9kGmw7PtneNRY6z3KK6ttJgQWMVNypiCkhK3TOcyWPGH42qd0bzHZlH72JaA==}
    engines: {node: ^20.19.0 || >=22.12.0}
    peerDependencies:
      '@module-federation/runtime-tools': ^0.24.1 || ^2.0.0
      '@swc/helpers': ^0.5.23
    peerDependenciesMeta:
      '@module-federation/runtime-tools':
        optional: true
      '@swc/helpers':
        optional: true

  '@rspack/dev-middleware@2.0.3':
    resolution: {integrity: sha512-GxnGj9jy76G3eCPyZei81fwKLAMLZaPEEqFz1/QDYquhwi/qYZX5fekFJ1XVpuwxGEK9KSX3hxZylfwrs4cmLA==}
    engines: {node: ^20.19.0 || >=22.12.0}
    peerDependencies:
      '@rspack/core': ^2.0.0
    peerDependenciesMeta:
      '@rspack/core':
        optional: true

  '@rspack/dev-server@2.2.0':
    resolution: {integrity: sha512-Bd0DNphOJ5/KAm3bFpUUZeP7O6jvVDNdXJEmlpsVZLfdSgjmrd6Ut/EHCBv95tmiwOQN0M41SdvlUU4f855HFA==}
    engines: {node: ^20.19.0 || >=22.12.0}
    peerDependencies:
      '@rspack/core': ^2.0.0
      selfsigned: ^5.0.0
    peerDependenciesMeta:
      selfsigned:
        optional: true

  '@rspack/plugin-react-refresh@2.0.2':
    resolution: {integrity: sha512-dGNZiCxQxgAUI9sah7gd8u+O7OJZRCmqtEJNDOd8xW5RqcieC86F7p5qcShyw6onH5pKf57evpr2VjGbaFGkZg==}
    peerDependencies:
      '@rspack/core': ^2.0.0
      react-refresh: '>=0.10.0 <1.0.0'
    peerDependenciesMeta:
      '@rspack/core':
        optional: true

  '@tybys/wasm-util@0.10.3':
    resolution: {integrity: sha512-F3fo1MYrRJYL3zER0OUOmkutjr1Vp23m7OsSgp7nq4SP6OqX6C/56XFIPAl5bt3zaBRjmW7SGz3u/6LwFpYcOg==}

  '@types/node@26.2.0':
    resolution: {integrity: sha512-5IviulTZeRNp2vAJ514cc/HUlY5nZ9fCbq9DMyC52BrhFZACo3nI0R7qBxhQmo/d27NFe96ur/b7Wwxklda+kg==}

  '@types/react-dom@19.2.4':
    resolution: {integrity: sha512-Bsc+QHgp+P/F02XDzNCY9jnZNCUuLki36KT7VKrTXXLdHf+vHMNZnW1rVu5DNW/rCK+fya3DATySbLM4yhtKUw==}
    peerDependencies:
      '@types/react': ^19.2.0

  '@types/react@19.2.18':
    resolution: {integrity: sha512-AnzbBERsrLKtk2XSfTbYRLjQPdy116Sty4q+T+Bp3IC4l6jNBvreVPAHmpq9qhXQM7CXZPjLVmGMw9sy+hxQ3w==}

  csstype@3.2.3:
    resolution: {integrity: sha512-z1HGKcYy2xA8AGQfwrn0PAy+PB7X/GSj3UVJW9qKyn43xWa+gl5nXmU4qqLMRzWVLFC8KusUX8T/0kCiOYpAIQ==}

  picomatch@4.0.4:
    resolution: {integrity: sha512-QP88BAKvMam/3NxH6vj2o21R6MjxZUAd6nlwAS/pnGvN9IVLocLHxGYIzFhg6fUQ+5th6P4dv4eW9jX3DSIj7A==}
    engines: {node: '>=12'}

  prettier@3.9.6:
    resolution: {integrity: sha512-OpN0zzVdiaiAhxpuuj5efpIS4sY9j7bY6uR5mnj5yPzGkdkjNKSJeUThPb60Jw29QuAZgA4o+/iB49kFiaBX6g==}
    engines: {node: '>=14'}
    hasBin: true

  react-dom@19.2.8:
    resolution: {integrity: sha512-rVprimfGBG3DR+Tq0IQG2DT5PxKth1WIGDmj5yPmlzr4YBe7uyE+Du4oVqTDXZSHGGGXRtTJEGSSePyQCMBglQ==}
    peerDependencies:
      react: ^19.2.8

  react-refresh@0.18.0:
    resolution: {integrity: sha512-QgT5//D3jfjJb6Gsjxv0Slpj23ip+HtOpnNgnb2S5zU3CB26G/IDPGoy4RJB42wzFE46DRsstbW6tKHoKbhAxw==}
    engines: {node: '>=0.10.0'}

  react@19.2.8:
    resolution: {integrity: sha512-PWaYA1L/q9u2u7xYQi+Y3L3Yfnie7XyLeaJICV1MGD6LprsBxcAqGjYyr0eY3p+QdsA+x/Irkt4Qif8D63+Sbw==}
    engines: {node: '>=0.10.0'}

  scheduler@0.27.0:
    resolution: {integrity: sha512-eNv+WrVbKu1f3vbYJT/xtiF5syA5HPIMtf9IgY/nKg0sWqzAUEvqY/xm7OcZc/qafLx/iO9FgOmeSAp4v5ti/Q==}

  tslib@2.8.1:
    resolution: {integrity: sha512-oJFu94HQb+KVduSUQL7wnpmqnfmLsOA/nAh6b6EH0wCEoK0/mPeXU6c3wKDV83MkOuHPRHtSXKKU99IBazS/2w==}

  typescript@6.0.3:
    resolution: {integrity: sha512-y2TvuxSZPDyQakkFRPZHKFm+KKVqIisdg9/CZwm9ftvKXLP8NRWj38/ODjNbr43SsoXqNuAisEf1GdCxqWcdBw==}
    engines: {node: '>=14.17'}
    hasBin: true

  undici-types@8.3.0:
    resolution: {integrity: sha512-j375ScV60dom+YkPFIfTLcOiPxkN/buHz5GobjLhixFuANaNs3C9l4GmrWqejgXWJ7BbJcFYpTEUkS1Ge8bpZQ==}

snapshots:

  '@emnapi/core@1.11.3':
    dependencies:
      '@emnapi/wasi-threads': 1.2.3
      tslib: 2.8.1
    optional: true

  '@emnapi/runtime@1.11.3':
    dependencies:
      tslib: 2.8.1
    optional: true

  '@emnapi/wasi-threads@1.2.3':
    dependencies:
      tslib: 2.8.1
    optional: true

  '@napi-rs/wasm-runtime@1.1.6(@emnapi/core@1.11.3)(@emnapi/runtime@1.11.3)':
    dependencies:
      '@emnapi/core': 1.11.3
      '@emnapi/runtime': 1.11.3
      '@tybys/wasm-util': 0.10.3
    optional: true

  '@rslint/core@0.6.5':
    dependencies:
      picomatch: 4.0.4
    optionalDependencies:
      '@rslint/native-darwin-arm64': 0.6.5
      '@rslint/native-darwin-x64': 0.6.5
      '@rslint/native-linux-arm64-gnu': 0.6.5
      '@rslint/native-linux-arm64-musl': 0.6.5
      '@rslint/native-linux-x64-gnu': 0.6.5
      '@rslint/native-linux-x64-musl': 0.6.5
      '@rslint/native-win32-arm64-msvc': 0.6.5
      '@rslint/native-win32-x64-msvc': 0.6.5

  '@rslint/native-darwin-arm64@0.6.5':
    optional: true

  '@rslint/native-darwin-x64@0.6.5':
    optional: true

  '@rslint/native-linux-arm64-gnu@0.6.5':
    optional: true

  '@rslint/native-linux-arm64-musl@0.6.5':
    optional: true

  '@rslint/native-linux-x64-gnu@0.6.5':
    optional: true

  '@rslint/native-linux-x64-musl@0.6.5':
    optional: true

  '@rslint/native-win32-arm64-msvc@0.6.5':
    optional: true

  '@rslint/native-win32-x64-msvc@0.6.5':
    optional: true

  '@rspack/binding-darwin-arm64@2.1.9':
    optional: true

  '@rspack/binding-darwin-x64@2.1.9':
    optional: true

  '@rspack/binding-linux-arm64-gnu@2.1.9':
    optional: true

  '@rspack/binding-linux-arm64-musl@2.1.9':
    optional: true

  '@rspack/binding-linux-ppc64-gnu@2.1.9':
    optional: true

  '@rspack/binding-linux-riscv64-gnu@2.1.9':
    optional: true

  '@rspack/binding-linux-riscv64-musl@2.1.9':
    optional: true

  '@rspack/binding-linux-s390x-gnu@2.1.9':
    optional: true

  '@rspack/binding-linux-x64-gnu@2.1.9':
    optional: true

  '@rspack/binding-linux-x64-musl@2.1.9':
    optional: true

  '@rspack/binding-wasm32-wasi@2.1.9':
    dependencies:
      '@emnapi/core': 1.11.3
      '@emnapi/runtime': 1.11.3
      '@napi-rs/wasm-runtime': 1.1.6(@emnapi/core@1.11.3)(@emnapi/runtime@1.11.3)
    optional: true

  '@rspack/binding-win32-arm64-msvc@2.1.9':
    optional: true

  '@rspack/binding-win32-ia32-msvc@2.1.9':
    optional: true

  '@rspack/binding-win32-x64-msvc@2.1.9':
    optional: true

  '@rspack/binding@2.1.9':
    optionalDependencies:
      '@rspack/binding-darwin-arm64': 2.1.9
      '@rspack/binding-darwin-x64': 2.1.9
      '@rspack/binding-linux-arm64-gnu': 2.1.9
      '@rspack/binding-linux-arm64-musl': 2.1.9
      '@rspack/binding-linux-ppc64-gnu': 2.1.9
      '@rspack/binding-linux-riscv64-gnu': 2.1.9
      '@rspack/binding-linux-riscv64-musl': 2.1.9
      '@rspack/binding-linux-s390x-gnu': 2.1.9
      '@rspack/binding-linux-x64-gnu': 2.1.9
      '@rspack/binding-linux-x64-musl': 2.1.9
      '@rspack/binding-wasm32-wasi': 2.1.9
      '@rspack/binding-win32-arm64-msvc': 2.1.9
      '@rspack/binding-win32-ia32-msvc': 2.1.9
      '@rspack/binding-win32-x64-msvc': 2.1.9

  '@rspack/cli@2.1.9(@rspack/core@2.1.9)(@rspack/dev-server@2.2.0(@rspack/core@2.1.9))':
    dependencies:
      '@rspack/core': 2.1.9
    optionalDependencies:
      '@rspack/dev-server': 2.2.0(@rspack/core@2.1.9)

  '@rspack/core@2.1.9':
    dependencies:
      '@rspack/binding': 2.1.9

  '@rspack/dev-middleware@2.0.3(@rspack/core@2.1.9)':
    optionalDependencies:
      '@rspack/core': 2.1.9

  '@rspack/dev-server@2.2.0(@rspack/core@2.1.9)':
    dependencies:
      '@rspack/core': 2.1.9
      '@rspack/dev-middleware': 2.0.3(@rspack/core@2.1.9)

  '@rspack/plugin-react-refresh@2.0.2(@rspack/core@2.1.9)(react-refresh@0.18.0)':
    dependencies:
      react-refresh: 0.18.0
    optionalDependencies:
      '@rspack/core': 2.1.9

  '@tybys/wasm-util@0.10.3':
    dependencies:
      tslib: 2.8.1
    optional: true

  '@types/node@26.2.0':
    dependencies:
      undici-types: 8.3.0

  '@types/react-dom@19.2.4(@types/react@19.2.18)':
    dependencies:
      '@types/react': 19.2.18

  '@types/react@19.2.18':
    dependencies:
      csstype: 3.2.3

  csstype@3.2.3: {}

  picomatch@4.0.4: {}

  prettier@3.9.6: {}

  react-dom@19.2.8(react@19.2.8):
    dependencies:
      react: 19.2.8
      scheduler: 0.27.0

  react-refresh@0.18.0: {}

  react@19.2.8: {}

  scheduler@0.27.0: {}

  tslib@2.8.1:
    optional: true

  typescript@6.0.3: {}

  undici-types@8.3.0: {}
